Microsoft Visual Studio Solution File, Format Version 12.00
# Visual Studio Version 17
VisualStudioVersion = 17.5.2.0
MinimumVisualStudioVersion = 10.0.40219.1
Project("{FAE04EC0-301F-11D3-BF4B-00C04F79EFBC}") = "Functions2025", "Functions2025\Functions2025.csproj", "{6FD3501C-D534-B5B6-694E-925B4B81E52F}"
EndProject
Project("{2150E333-8FDC-42A3-9474-1A3956D46DE8}") = "Functions2025 (1)", "Functions2025 (1)", "{226BAEE7-1868-1248-B2B7-3720D333964F}"
EndProject
Project("{2150E333-8FDC-42A3-9474-1A3956D46DE8}") = "obj", "obj", "{CDFBBD83-F11F-BFD9-8043-3508E48CCE44}"
EndProject
Project("{2150E333-8FDC-42A3-9474-1A3956D46DE8}") = "Debug", "Debug", "{AD066BB7-B5BF-7E0F-E9C6-3A47F1405C6E}"
EndProject
Project("{2150E333-8FDC-42A3-9474-1A3956D46DE8}") = "net8.0", "net8.0", "{EF525AD6-58D7-BAAB-9CF6-338AE137C9E0}"
EndProject
Project("{FAE04EC0-301F-11D3-BF4B-00C04F79EFBC}") = "WorkerExtensions", "Functions2025\obj\Debug\net8.0\WorkerExtensions\WorkerExtensions.csproj", "{77741A93-34DA-FAC1-A01D-93EA8CC452C8}"
EndProject
Project("{FAE04EC0-301F-11D3-BF4B-00C04F79EFBC}") = "BlazorSchool", "BlazorSchool\BlazorSchool.csproj", "{0DB590F9-EE53-454D-AC68-E9844AE2C27B}"
EndProject
Project("{FAE04EC0-301F-11D3-BF4B-00C04F79EFBC}") = "SchoolLibrary", "SchoolLibrary\SchoolLibrary.csproj", "{73A7F9D8-900B-4345-ACEA-5F5EB9E6DA71}"
EndProject
Global
	GlobalSection(SolutionConfigurationPlatforms) = preSolution
		Debug|Any CPU = Debug|Any CPU
		Release|Any CPU = Release|Any CPU
	EndGlobalSection
	GlobalSection(ProjectConfigurationPlatforms) = postSolution
		{6FD3501C-D534-B5B6-694E-925B4B81E52F}.Debug|Any CPU.ActiveCfg = Debug|Any CPU
		{6FD3501C-D534-B5B6-694E-925B4B81E52F}.Debug|Any CPU.Build.0 = Debug|Any CPU
		{6FD3501C-D534-B5B6-694E-925B4B81E52F}.Release|Any CPU.ActiveCfg = Release|Any CPU
		{6FD3501C-D534-B5B6-694E-925B4B81E52F}.Release|Any CPU.Build.0 = Release|Any CPU
		{77741A93-34DA-FAC1-A01D-93EA8CC452C8}.Debug|Any CPU.ActiveCfg = Debug|Any CPU
		{77741A93-34DA-FAC1-A01D-93EA8CC452C8}.Debug|Any CPU.Build.0 = Debug|Any CPU
		{77741A93-34DA-FAC1-A01D-93EA8CC452C8}.Release|Any CPU.ActiveCfg = Release|Any CPU
		{77741A93-34DA-FAC1-A01D-93EA8CC452C8}.Release|Any CPU.Build.0 = Release|Any CPU
		{0DB590F9-EE53-454D-AC68-E9844AE2C27B}.Debug|Any CPU.ActiveCfg = Debug|Any CPU
		{0DB590F9-EE53-454D-AC68-E9844AE2C27B}.Debug|Any CPU.Build.0 = Debug|Any CPU
		{0DB590F9-EE53-454D-AC68-E9844AE2C27B}.Release|Any CPU.ActiveCfg = Release|Any CPU
		{0DB590F9-EE53-454D-AC68-E9844AE2C27B}.Release|Any CPU.Build.0 = Release|Any CPU
		{73A7F9D8-900B-4345-ACEA-5F5EB9E6DA71}.Debug|Any CPU.ActiveCfg = Debug|Any CPU
		{73A7F9D8-900B-4345-ACEA-5F5EB9E6DA71}.Debug|Any CPU.Build.0 = Debug|Any CPU
		{73A7F9D8-900B-4345-ACEA-5F5EB9E6DA71}.Release|Any CPU.ActiveCfg = Release|Any CPU
		{73A7F9D8-900B-4345-ACEA-5F5EB9E6DA71}.Release|Any CPU.Build.0 = Release|Any CPU
	EndGlobalSection
	GlobalSection(SolutionProperties) = preSolution
		HideSolutionNode = FALSE
	EndGlobalSection
	GlobalSection(NestedProjects) = preSolution
		{CDFBBD83-F11F-BFD9-8043-3508E48CCE44} = {226BAEE7-1868-1248-B2B7-3720D333964F}
		{AD066BB7-B5BF-7E0F-E9C6-3A47F1405C6E} = {CDFBBD83-F11F-BFD9-8043-3508E48CCE44}
		{EF525AD6-58D7-BAAB-9CF6-338AE137C9E0} = {AD066BB7-B5BF-7E0F-E9C6-3A47F1405C6E}
		{77741A93-34DA-FAC1-A01D-93EA8CC452C8} = {EF525AD6-58D7-BAAB-9CF6-338AE137C9E0}
	EndGlobalSection
	GlobalSection(ExtensibilityGlobals) = postSolution
		SolutionGuid = {A60EB255-B621-4840-BE0D-D638DBE6752B}
	EndGlobalSection
EndGlobal
